{
  "name": "nf-mcp",
  "version": "1.0.1",
  "lockfileVersion": 3,
  "requires": true,
  "packages": {
    "": {
      "name": "nf-mcp",
      "version": "1.0.1",
      "license": "MIT",
      "bin": {
        "northern-forge-mcp": "server.js"
      },
      "engines": {
        "node": ">=18"
      }
    }
  }
}
